// !$*UTF8*$!
{
	archiveVersion = 1;
	classes = {
	};
	objectVersion = 70;
	objects = {

/* Begin PBXBuildFile section */
		6E5614E316940F3500970AC1 /* UIKit.framework in Frameworks */ = {isa = PBXBuildFile; fileRef = 6E5614E216940F3500970AC1 /* UIKit.framework */; };
		6E5614E516940F3500970AC1 /* Foundation.framework in Frameworks */ = {isa = PBXBuildFile; fileRef = 6E5614E416940F3500970AC1 /* Foundation.framework */; };
		6E5614E716940F3500970AC1 /* CoreGraphics.framework in Frameworks */ = {isa = PBXBuildFile; fileRef = 6E5614E616940F3500970AC1 /* CoreGraphics.framework */; };
/* End PBXBuildFile section */

/* Begin PBXContainerItemProxy section */
		6EA597291FB1BB76003F0BBB /* PBXContainerItemProxy */ = {
			isa = PBXContainerItemProxy;
			containerPortal = 6E5614D516940F3500970AC1 /* Project object */;
			proxyType = 1;
			remoteGlobalIDString = 6E5614DD16940F3500970AC1;
			remoteInfo = SnowflakesMaker;
		};
/* End PBXContainerItemProxy section */

/* Begin PBXFileReference section */
		6E5614DE16940F3500970AC1 /* SnowflakesMaker.app */ = {isa = PBXFileReference; explicitFileType = wrapper.application; includeInIndex = 0; path = SnowflakesMaker.app; sourceTree = BUILT_PRODUCTS_DIR; };
		6E5614E216940F3500970AC1 /* UIKit.framework */ = {isa = PBXFileReference; lastKnownFileType = wrapper.framework; name = UIKit.framework; path = System/Library/Frameworks/UIKit.framework; sourceTree = SDKROOT; };
		6E5614E416940F3500970AC1 /* Foundation.framework */ = {isa = PBXFileReference; lastKnownFileType = wrapper.framework; name = Foundation.framework; path = System/Library/Frameworks/Foundation.framework; sourceTree = SDKROOT; };
		6E5614E616940F3500970AC1 /* CoreGraphics.framework */ = {isa = PBXFileReference; lastKnownFileType = wrapper.framework; name = CoreGraphics.framework; path = System/Library/Frameworks/CoreGraphics.framework; sourceTree = SDKROOT; };
		6EA597241FB1BB76003F0BBB /* SnowflakesMakerTests.xctest */ = {isa = PBXFileReference; explicitFileType = wrapper.cfbundle; includeInIndex = 0; path = SnowflakesMakerTests.xctest; sourceTree = BUILT_PRODUCTS_DIR; };
/* End PBXFileReference section */

/* Begin PBXFileSystemSynchronizedBuildFileExceptionSet section */
		6E8FDBE12E2B97D6004D7197 /* PBXFileSystemSynchronizedBuildFileExceptionSet */ = {
			isa = PBXFileSystemSynchronizedBuildFileExceptionSet;
			membershipExceptions = (
				"SnowflakesMaker-Info.plist",
			);
			target = 6E5614DD16940F3500970AC1 /* SnowflakesMaker */;
		};
		6E8FDBE62E2B97DA004D7197 /* PBXFileSystemSynchronizedBuildFileExceptionSet */ = {
			isa = PBXFileSystemSynchronizedBuildFileExceptionSet;
			membershipExceptions = (
				SnowflakesMakerTests.swift,
			);
			target = 6EA597231FB1BB76003F0BBB /* SnowflakesMakerTests */;
		};
/* End PBXFileSystemSynchronizedBuildFileExceptionSet section */

/* Begin PBXFileSystemSynchronizedRootGroup section */
		6E8FDBD62E2B97D6004D7197 /* SnowflakesMaker */ = {isa = PBXFileSystemSynchronizedRootGroup; exceptions = (6E8FDBE12E2B97D6004D7197 /* PBXFileSystemSynchronizedBuildFileExceptionSet */, ); explicitFileTypes = {}; explicitFolders = (); path = SnowflakesMaker; sourceTree = "<group>"; };
		6E8FDBE42E2B97DA004D7197 /* SnowflakesMakerTests */ = {isa = PBXFileSystemSynchronizedRootGroup; exceptions = (6E8FDBE62E2B97DA004D7197 /* PBXFileSystemSynchronizedBuildFileExceptionSet */, ); explicitFileTypes = {}; explicitFolders = (); path = SnowflakesMakerTests; sourceTree = "<group>"; };
/* End PBXFileSystemSynchronizedRootGroup section */

/* Begin PBXFrameworksBuildPhase section */
		6E5614DB16940F3500970AC1 /* Frameworks */ = {
			isa = PBXFrameworksBuildPhase;
			buildActionMask = 2147483647;
			files = (
				6E5614E316940F3500970AC1 /* UIKit.framework in Frameworks */,
				6E5614E516940F3500970AC1 /* Foundation.framework in Frameworks */,
				6E5614E716940F3500970AC1 /* CoreGraphics.framework in Frameworks */,
			);
			runOnlyForDeploymentPostprocessing = 0;
		};
		6EA597211FB1BB76003F0BBB /* Frameworks */ = {
			isa = PBXFrameworksBuildPhase;
			buildActionMask = 2147483647;
			files = (
			);
			runOnlyForDeploymentPostprocessing = 0;
		};
/* End PBXFrameworksBuildPhase section */

/* Begin PBXGroup section */
		6E5614D316940F3500970AC1 = {
			isa = PBXGroup;
			children = (
				6E8FDBD62E2B97D6004D7197 /* SnowflakesMaker */,
				6E8FDBE42E2B97DA004D7197 /* SnowflakesMakerTests */,
				6E5614E116940F3500970AC1 /* Frameworks */,
				6E5614DF16940F3500970AC1 /* Products */,
			);
			sourceTree = "<group>";
		};
		6E5614DF16940F3500970AC1 /* Products */ = {
			isa = PBXGroup;
			children = (
				6E5614DE16940F3500970AC1 /* SnowflakesMaker.app */,
				6EA597241FB1BB76003F0BBB /* SnowflakesMakerTests.xctest */,
			);
			name = Products;
			sourceTree = "<group>";
		};
		6E5614E116940F3500970AC1 /* Frameworks */ = {
			isa = PBXGroup;
			children = (
				6E5614E216940F3500970AC1 /* UIKit.framework */,
				6E5614E416940F3500970AC1 /* Foundation.framework */,
				6E5614E616940F3500970AC1 /* CoreGraphics.framework */,
			);
			name = Frameworks;
			sourceTree = "<group>";
		};
/* End PBXGroup section */

/* Begin PBXNativeTarget section */
		6E5614DD16940F3500970AC1 /* SnowflakesMaker */ = {
			isa = PBXNativeTarget;
			buildConfigurationList = 6E56150516940F3500970AC1 /* Build configuration list for PBXNativeTarget "SnowflakesMaker" */;
			buildPhases = (
				6E5614DA16940F3500970AC1 /* Sources */,
				6E5614DB16940F3500970AC1 /* Frameworks */,
				6E5614DC16940F3500970AC1 /* Resources */,
			);
			buildRules = (
			);
			dependencies = (
			);
			fileSystemSynchronizedGroups = (
				6E8FDBD62E2B97D6004D7197 /* SnowflakesMaker */,
			);
			name = SnowflakesMaker;
			productName = SnowflakesMaker;
			productReference = 6E5614DE16940F3500970AC1 /* SnowflakesMaker.app */;
			productType = "com.apple.product-type.application";
		};
		6EA597231FB1BB76003F0BBB /* SnowflakesMakerTests */ = {
			isa = PBXNativeTarget;
			buildConfigurationList = 6EA5972D1FB1BB76003F0BBB /* Build configuration list for PBXNativeTarget "SnowflakesMakerTests" */;
			buildPhases = (
				6EA597201FB1BB76003F0BBB /* Sources */,
				6EA597211FB1BB76003F0BBB /* Frameworks */,
				6EA597221FB1BB76003F0BBB /* Resources */,
			);
			buildRules = (
			);
			dependencies = (
				6EA5972A1FB1BB76003F0BBB /* PBXTargetDependency */,
			);
			name = SnowflakesMakerTests;
			productName = SnowflakesMakerTests;
			productReference = 6EA597241FB1BB76003F0BBB /* SnowflakesMakerTests.xctest */;
			productType = "com.apple.product-type.bundle.unit-test";
		};
/* End PBXNativeTarget section */

/* Begin PBXProject section */
		6E5614D516940F3500970AC1 /* Project object */ = {
			isa = PBXProject;
			attributes = {
				BuildIndependentTargetsInParallel = YES;
				LastSwiftUpdateCheck = 0910;
				LastUpgradeCheck = 2600;
				ORGANIZATIONNAME = "Oleksiy Radyvanyuk";
				TargetAttributes = {
					6EA597231FB1BB76003F0BBB = {
						CreatedOnToolsVersion = 9.1;
						ProvisioningStyle = Automatic;
						TestTargetID = 6E5614DD16940F3500970AC1;
					};
				};
			};
			buildConfigurationList = 6E5614D816940F3500970AC1 /* Build configuration list for PBXProject "SnowflakesMaker" */;
			compatibilityVersion = "Xcode 3.2";
			developmentRegion = en;
			hasScannedForEncodings = 0;
			knownRegions = (
				en,
				Base,
			);
			mainGroup = 6E5614D316940F3500970AC1;
			productRefGroup = 6E5614DF16940F3500970AC1 /* Products */;
			projectDirPath = "";
			projectRoot = "";
			targets = (
				6E5614DD16940F3500970AC1 /* SnowflakesMaker */,
				6EA597231FB1BB76003F0BBB /* SnowflakesMakerTests */,
			);
		};
/* End PBXProject section */

/* Begin PBXResourcesBuildPhase section */
		6E5614DC16940F3500970AC1 /* Resources */ = {
			isa = PBXResourcesBuildPhase;
			buildActionMask = 2147483647;
			files = (
			);
			runOnlyForDeploymentPostprocessing = 0;
		};
		6EA597221FB1BB76003F0BBB /* Resources */ = {
			isa = PBXResourcesBuildPhase;
			buildActionMask = 2147483647;
			files = (
			);
			runOnlyForDeploymentPostprocessing = 0;
		};
/* End PBXResourcesBuildPhase section */

/* Begin PBXSourcesBuildPhase section */
		6E5614DA16940F3500970AC1 /* Sources */ = {
			isa = PBXSourcesBuildPhase;
			buildActionMask = 2147483647;
			files = (
			);
			runOnlyForDeploymentPostprocessing = 0;
		};
		6EA597201FB1BB76003F0BBB /* Sources */ = {
			isa = PBXSourcesBuildPhase;
			buildActionMask = 2147483647;
			files = (
			);
			runOnlyForDeploymentPostprocessing = 0;
		};
/* End PBXSourcesBuildPhase section */

/* Begin PBXTargetDependency section */
		6EA5972A1FB1BB76003F0BBB /* PBXTargetDependency */ = {
			isa = PBXTargetDependency;
			target = 6E5614DD16940F3500970AC1 /* SnowflakesMaker */;
			targetProxy = 6EA597291FB1BB76003F0BBB /* PBXContainerItemProxy */;
		};
/* End PBXTargetDependency section */

/* Begin XCBuildConfiguration section */
		6E56150316940F3500970AC1 /* Debug */ = {
			isa = XCBuildConfiguration;
			buildSettings = {
				CURRENT_PROJECT_VERSION = 4;
				GCC_PREPROCESSOR_DEFINITIONS = (
					"DEBUG=1",
					"$(inherited)",
				);
				INFOPLIST_FILE = "SnowflakesMaker/SnowflakesMaker-Info.plist";
				SDKROOT = iphoneos;
				SWIFT_VERSION = 6.0;
				TARGETED_DEVICE_FAMILY = "1,2";
			};
			name = Debug;
		};
		6E56150416940F3500970AC1 /* Release */ = {
			isa = XCBuildConfiguration;
			buildSettings = {
				CURRENT_PROJECT_VERSION = 4;
				INFOPLIST_FILE = "SnowflakesMaker/SnowflakesMaker-Info.plist";
				SDKROOT = iphoneos;
				SWIFT_VERSION = 6.0;
				TARGETED_DEVICE_FAMILY = "1,2";
			};
			name = Release;
		};
		6E56150616940F3500970AC1 /* Debug */ = {
			isa = XCBuildConfiguration;
			buildSettings = {
				CODE_SIGN_STYLE = Manual;
				DEVELOPMENT_TEAM = "";
				PRODUCT_BUNDLE_IDENTIFIER = "nl.ngti.hkth-autumn.SnowflakesMaker";
				PRODUCT_NAME = "$(TARGET_NAME)";
				PROVISIONING_PROFILE_SPECIFIER = "";
			};
			name = Debug;
		};
		6E56150716940F3500970AC1 /* Release */ = {
			isa = XCBuildConfiguration;
			buildSettings = {
				CODE_SIGN_STYLE = Manual;
				DEVELOPMENT_TEAM = "";
				PRODUCT_BUNDLE_IDENTIFIER = "nl.ngti.hkth-autumn.SnowflakesMaker";
				PRODUCT_NAME = "$(TARGET_NAME)";
				PROVISIONING_PROFILE_SPECIFIER = "";
			};
			name = Release;
		};
		6EA5972B1FB1BB76003F0BBB /* Debug */ = {
			isa = XCBuildConfiguration;
			buildSettings = {
				PRODUCT_BUNDLE_IDENTIFIER = nl.ngti.test.SnowflakesMakerTests;
				PRODUCT_NAME = "$(TARGET_NAME)";
			};
			name = Debug;
		};
		6EA5972C1FB1BB76003F0BBB /* Release */ = {
			isa = XCBuildConfiguration;
			buildSettings = {
				PRODUCT_BUNDLE_IDENTIFIER = nl.ngti.test.SnowflakesMakerTests;
				PRODUCT_NAME = "$(TARGET_NAME)";
			};
			name = Release;
		};
/* End XCBuildConfiguration section */

/* Begin XCConfigurationList section */
		6E5614D816940F3500970AC1 /* Build configuration list for PBXProject "SnowflakesMaker" */ = {
			isa = XCConfigurationList;
			buildConfigurations = (
				6E56150316940F3500970AC1 /* Debug */,
				6E56150416940F3500970AC1 /* Release */,
			);
			defaultConfigurationIsVisible = 0;
			defaultConfigurationName = Release;
		};
		6E56150516940F3500970AC1 /* Build configuration list for PBXNativeTarget "SnowflakesMaker" */ = {
			isa = XCConfigurationList;
			buildConfigurations = (
				6E56150616940F3500970AC1 /* Debug */,
				6E56150716940F3500970AC1 /* Release */,
			);
			defaultConfigurationIsVisible = 0;
			defaultConfigurationName = Release;
		};
		6EA5972D1FB1BB76003F0BBB /* Build configuration list for PBXNativeTarget "SnowflakesMakerTests" */ = {
			isa = XCConfigurationList;
			buildConfigurations = (
				6EA5972B1FB1BB76003F0BBB /* Debug */,
				6EA5972C1FB1BB76003F0BBB /* Release */,
			);
			defaultConfigurationIsVisible = 0;
			defaultConfigurationName = Release;
		};
/* End XCConfigurationList section */
	};
	rootObject = 6E5614D516940F3500970AC1 /* Project object */;
}
