// !$*UTF8*$!
{
	archiveVersion = 1;
	classes = {
	};
	objectVersion = 46;
	objects = {

/* Begin PBXBuildFile section */
		6E5614E316940F3500970AC1 /* UIKit.framework in Frameworks */ = {isa = PBXBuildFile; fileRef = 6E5614E216940F3500970AC1 /* UIKit.framework */; };
		6E5614E516940F3500970AC1 /* Foundation.framework in Frameworks */ = {isa = PBXBuildFile; fileRef = 6E5614E416940F3500970AC1 /* Foundation.framework */; };
		6E5614E716940F3500970AC1 /* CoreGraphics.framework in Frameworks */ = {isa = PBXBuildFile; fileRef = 6E5614E616940F3500970AC1 /* CoreGraphics.framework */; };
		6E5614ED16940F3500970AC1 /* InfoPlist.strings in Resources */ = {isa = PBXBuildFile; fileRef = 6E5614EB16940F3500970AC1 /* InfoPlist.strings */; };
		6E5614EF16940F3500970AC1 /* main.m in Sources */ = {isa = PBXBuildFile; fileRef = 6E5614EE16940F3500970AC1 /* main.m */; };
		6E5614F316940F3500970AC1 /* AppDelegate.m in Sources */ = {isa = PBXBuildFile; fileRef = 6E5614F216940F3500970AC1 /* AppDelegate.m */; };
		6E5614F516940F3500970AC1 /* Default.png in Resources */ = {isa = PBXBuildFile; fileRef = 6E5614F416940F3500970AC1 /* Default.png */; };
		6E5614F716940F3500970AC1 /* Default@2x.png in Resources */ = {isa = PBXBuildFile; fileRef = 6E5614F616940F3500970AC1 /* Default@2x.png */; };
		6E5614F916940F3500970AC1 /* Default-568h@2x.png in Resources */ = {isa = PBXBuildFile; fileRef = 6E5614F816940F3500970AC1 /* Default-568h@2x.png */; };
		6E5614FC16940F3500970AC1 /* ViewController.m in Sources */ = {isa = PBXBuildFile; fileRef = 6E5614FB16940F3500970AC1 /* ViewController.m */; };
		6E5614FF16940F3500970AC1 /* ViewController_iPhone.xib in Resources */ = {isa = PBXBuildFile; fileRef = 6E5614FD16940F3500970AC1 /* ViewController_iPhone.xib */; };
		6EA597271FB1BB76003F0BBB /* SnowflakesMakerTests.swift in Sources */ = {isa = PBXBuildFile; fileRef = 6EA597261FB1BB76003F0BBB /* SnowflakesMakerTests.swift */; };
/* End PBXBuildFile section */

/* Begin PBXContainerItemProxy section */
		6EA597291FB1BB76003F0BBB /* PBXContainerItemProxy */ = {
			isa = PBXContainerItemProxy;
			containerPortal = 6E5614D516940F3500970AC1 /* Project object */;
			proxyType = 1;
			remoteGlobalIDString = 6E5614DD16940F3500970AC1;
			remoteInfo = SnowflakesMaker;
		};
/* End PBXContainerItemProxy section */

/* Begin PBXFileReference section */
		6E5614DE16940F3500970AC1 /* SnowflakesMaker.app */ = {isa = PBXFileReference; explicitFileType = wrapper.application; includeInIndex = 0; path = SnowflakesMaker.app; sourceTree = BUILT_PRODUCTS_DIR; };
		6E5614E216940F3500970AC1 /* UIKit.framework */ = {isa = PBXFileReference; lastKnownFileType = wrapper.framework; name = UIKit.framework; path = System/Library/Frameworks/UIKit.framework; sourceTree = SDKROOT; };
		6E5614E416940F3500970AC1 /* Foundation.framework */ = {isa = PBXFileReference; lastKnownFileType = wrapper.framework; name = Foundation.framework; path = System/Library/Frameworks/Foundation.framework; sourceTree = SDKROOT; };
		6E5614E616940F3500970AC1 /* CoreGraphics.framework */ = {isa = PBXFileReference; lastKnownFileType = wrapper.framework; name = CoreGraphics.framework; path = System/Library/Frameworks/CoreGraphics.framework; sourceTree = SDKROOT; };
		6E5614EA16940F3500970AC1 /* SnowflakesMaker-Info.plist */ = {isa = PBXFileReference; lastKnownFileType = text.plist.xml; path = "SnowflakesMaker-Info.plist"; sourceTree = "<group>"; };
		6E5614EC16940F3500970AC1 /* en */ = {isa = PBXFileReference; lastKnownFileType = text.plist.strings; name = en; path = en.lproj/InfoPlist.strings; sourceTree = "<group>"; };
		6E5614EE16940F3500970AC1 /* main.m */ = {isa = PBXFileReference; lastKnownFileType = sourcecode.c.objc; path = main.m; sourceTree = "<group>"; };
		6E5614F016940F3500970AC1 /* SnowflakesMaker-Prefix.pch */ = {isa = PBXFileReference; lastKnownFileType = sourcecode.c.h; path = "SnowflakesMaker-Prefix.pch"; sourceTree = "<group>"; };
		6E5614F116940F3500970AC1 /* AppDelegate.h */ = {isa = PBXFileReference; lastKnownFileType = sourcecode.c.h; path = AppDelegate.h; sourceTree = "<group>"; };
		6E5614F216940F3500970AC1 /* AppDelegate.m */ = {isa = PBXFileReference; lastKnownFileType = sourcecode.c.objc; path = AppDelegate.m; sourceTree = "<group>"; };
		6E5614F416940F3500970AC1 /* Default.png */ = {isa = PBXFileReference; lastKnownFileType = image.png; path = Default.png; sourceTree = "<group>"; };
		6E5614F616940F3500970AC1 /* Default@2x.png */ = {isa = PBXFileReference; lastKnownFileType = image.png; path = "Default@2x.png"; sourceTree = "<group>"; };
		6E5614F816940F3500970AC1 /* Default-568h@2x.png */ = {isa = PBXFileReference; lastKnownFileType = image.png; path = "Default-568h@2x.png"; sourceTree = "<group>"; };
		6E5614FA16940F3500970AC1 /* ViewController.h */ = {isa = PBXFileReference; lastKnownFileType = sourcecode.c.h; path = ViewController.h; sourceTree = "<group>"; };
		6E5614FB16940F3500970AC1 /* ViewController.m */ = {isa = PBXFileReference; lastKnownFileType = sourcecode.c.objc; path = ViewController.m; sourceTree = "<group>"; };
		6E5614FE16940F3500970AC1 /* en */ = {isa = PBXFileReference; lastKnownFileType = file.xib; name = en; path = en.lproj/ViewController_iPhone.xib; sourceTree = "<group>"; };
		6EA597241FB1BB76003F0BBB /* SnowflakesMakerTests.xctest */ = {isa = PBXFileReference; explicitFileType = wrapper.cfbundle; includeInIndex = 0; path = SnowflakesMakerTests.xctest; sourceTree = BUILT_PRODUCTS_DIR; };
		6EA597261FB1BB76003F0BBB /* SnowflakesMakerTests.swift */ = {isa = PBXFileReference; lastKnownFileType = sourcecode.swift; path = SnowflakesMakerTests.swift; sourceTree = "<group>"; };
		6EA597281FB1BB76003F0BBB /* Info.plist */ = {isa = PBXFileReference; lastKnownFileType = text.plist.xml; path = Info.plist; sourceTree = "<group>"; };
/* End PBXFileReference section */

/* Begin PBXFrameworksBuildPhase section */
		6E5614DB16940F3500970AC1 /* Frameworks */ = {
			isa = PBXFrameworksBuildPhase;
			buildActionMask = 2147483647;
			files = (
				6E5614E316940F3500970AC1 /* UIKit.framework in Frameworks */,
				6E5614E516940F3500970AC1 /* Foundation.framework in Frameworks */,
				6E5614E716940F3500970AC1 /* CoreGraphics.framework in Frameworks */,
			);
			runOnlyForDeploymentPostprocessing = 0;
		};
		6EA597211FB1BB76003F0BBB /* Frameworks */ = {
			isa = PBXFrameworksBuildPhase;
			buildActionMask = 2147483647;
			files = (
			);
			runOnlyForDeploymentPostprocessing = 0;
		};
/* End PBXFrameworksBuildPhase section */

/* Begin PBXGroup section */
		6E5614D316940F3500970AC1 = {
			isa = PBXGroup;
			children = (
				6E5614E816940F3500970AC1 /* SnowflakesMaker */,
				6EA597251FB1BB76003F0BBB /* SnowflakesMakerTests */,
				6E5614E116940F3500970AC1 /* Frameworks */,
				6E5614DF16940F3500970AC1 /* Products */,
			);
			sourceTree = "<group>";
		};
		6E5614DF16940F3500970AC1 /* Products */ = {
			isa = PBXGroup;
			children = (
				6E5614DE16940F3500970AC1 /* SnowflakesMaker.app */,
				6EA597241FB1BB76003F0BBB /* SnowflakesMakerTests.xctest */,
			);
			name = Products;
			sourceTree = "<group>";
		};
		6E5614E116940F3500970AC1 /* Frameworks */ = {
			isa = PBXGroup;
			children = (
				6E5614E216940F3500970AC1 /* UIKit.framework */,
				6E5614E416940F3500970AC1 /* Foundation.framework */,
				6E5614E616940F3500970AC1 /* CoreGraphics.framework */,
			);
			name = Frameworks;
			sourceTree = "<group>";
		};
		6E5614E816940F3500970AC1 /* SnowflakesMaker */ = {
			isa = PBXGroup;
			children = (
				6E5614F116940F3500970AC1 /* AppDelegate.h */,
				6E5614F216940F3500970AC1 /* AppDelegate.m */,
				6E5614FA16940F3500970AC1 /* ViewController.h */,
				6E5614FB16940F3500970AC1 /* ViewController.m */,
				6E5614FD16940F3500970AC1 /* ViewController_iPhone.xib */,
				6E5614E916940F3500970AC1 /* Supporting Files */,
			);
			path = SnowflakesMaker;
			sourceTree = "<group>";
		};
		6E5614E916940F3500970AC1 /* Supporting Files */ = {
			isa = PBXGroup;
			children = (
				6E5614EA16940F3500970AC1 /* SnowflakesMaker-Info.plist */,
				6E5614EB16940F3500970AC1 /* InfoPlist.strings */,
				6E5614EE16940F3500970AC1 /* main.m */,
				6E5614F016940F3500970AC1 /* SnowflakesMaker-Prefix.pch */,
				6E5614F416940F3500970AC1 /* Default.png */,
				6E5614F616940F3500970AC1 /* Default@2x.png */,
				6E5614F816940F3500970AC1 /* Default-568h@2x.png */,
			);
			name = "Supporting Files";
			sourceTree = "<group>";
		};
		6EA597251FB1BB76003F0BBB /* SnowflakesMakerTests */ = {
			isa = PBXGroup;
			children = (
				6EA597261FB1BB76003F0BBB /* SnowflakesMakerTests.swift */,
				6EA597281FB1BB76003F0BBB /* Info.plist */,
			);
			path = SnowflakesMakerTests;
			sourceTree = "<group>";
		};
/* End PBXGroup section */

/* Begin PBXNativeTarget section */
		6E5614DD16940F3500970AC1 /* SnowflakesMaker */ = {
			isa = PBXNativeTarget;
			buildConfigurationList = 6E56150516940F3500970AC1 /* Build configuration list for PBXNativeTarget "SnowflakesMaker" */;
			buildPhases = (
				6E5614DA16940F3500970AC1 /* Sources */,
				6E5614DB16940F3500970AC1 /* Frameworks */,
				6E5614DC16940F3500970AC1 /* Resources */,
			);
			buildRules = (
			);
			dependencies = (
			);
			name = SnowflakesMaker;
			productName = SnowflakesMaker;
			productReference = 6E5614DE16940F3500970AC1 /* SnowflakesMaker.app */;
			productType = "com.apple.product-type.application";
		};
		6EA597231FB1BB76003F0BBB /* SnowflakesMakerTests */ = {
			isa = PBXNativeTarget;
			buildConfigurationList = 6EA5972D1FB1BB76003F0BBB /* Build configuration list for PBXNativeTarget "SnowflakesMakerTests" */;
			buildPhases = (
				6EA597201FB1BB76003F0BBB /* Sources */,
				6EA597211FB1BB76003F0BBB /* Frameworks */,
				6EA597221FB1BB76003F0BBB /* Resources */,
			);
			buildRules = (
			);
			dependencies = (
				6EA5972A1FB1BB76003F0BBB /* PBXTargetDependency */,
			);
			name = SnowflakesMakerTests;
			productName = SnowflakesMakerTests;
			productReference = 6EA597241FB1BB76003F0BBB /* SnowflakesMakerTests.xctest */;
			productType = "com.apple.product-type.bundle.unit-test";
		};
/* End PBXNativeTarget section */

/* Begin PBXProject section */
		6E5614D516940F3500970AC1 /* Project object */ = {
			isa = PBXProject;
			attributes = {
				LastSwiftUpdateCheck = 0910;
				LastUpgradeCheck = 0910;
				ORGANIZATIONNAME = "Oleksiy Radyvanyuk";
				TargetAttributes = {
					6E5614DD16940F3500970AC1 = {
						DevelopmentTeam = XHVKX3557K;
						ProvisioningStyle = Automatic;
					};
					6EA597231FB1BB76003F0BBB = {
						CreatedOnToolsVersion = 9.1;
						ProvisioningStyle = Automatic;
						TestTargetID = 6E5614DD16940F3500970AC1;
					};
				};
			};
			buildConfigurationList = 6E5614D816940F3500970AC1 /* Build configuration list for PBXProject "SnowflakesMaker" */;
			compatibilityVersion = "Xcode 3.2";
			developmentRegion = English;
			hasScannedForEncodings = 0;
			knownRegions = (
				en,
			);
			mainGroup = 6E5614D316940F3500970AC1;
			productRefGroup = 6E5614DF16940F3500970AC1 /* Products */;
			projectDirPath = "";
			projectRoot = "";
			targets = (
				6E5614DD16940F3500970AC1 /* SnowflakesMaker */,
				6EA597231FB1BB76003F0BBB /* SnowflakesMakerTests */,
			);
		};
/* End PBXProject section */

/* Begin PBXResourcesBuildPhase section */
		6E5614DC16940F3500970AC1 /* Resources */ = {
			isa = PBXResourcesBuildPhase;
			buildActionMask = 2147483647;
			files = (
				6E5614ED16940F3500970AC1 /* InfoPlist.strings in Resources */,
				6E5614F516940F3500970AC1 /* Default.png in Resources */,
				6E5614F716940F3500970AC1 /* Default@2x.png in Resources */,
				6E5614F916940F3500970AC1 /* Default-568h@2x.png in Resources */,
				6E5614FF16940F3500970AC1 /* ViewController_iPhone.xib in Resources */,
			);
			runOnlyForDeploymentPostprocessing = 0;
		};
		6EA597221FB1BB76003F0BBB /* Resources */ = {
			isa = PBXResourcesBuildPhase;
			buildActionMask = 2147483647;
			files = (
			);
			runOnlyForDeploymentPostprocessing = 0;
		};
/* End PBXResourcesBuildPhase section */

/* Begin PBXSourcesBuildPhase section */
		6E5614DA16940F3500970AC1 /* Sources */ = {
			isa = PBXSourcesBuildPhase;
			buildActionMask = 2147483647;
			files = (
				6E5614EF16940F3500970AC1 /* main.m in Sources */,
				6E5614F316940F3500970AC1 /* AppDelegate.m in Sources */,
				6E5614FC16940F3500970AC1 /* ViewController.m in Sources */,
			);
			runOnlyForDeploymentPostprocessing = 0;
		};
		6EA597201FB1BB76003F0BBB /* Sources */ = {
			isa = PBXSourcesBuildPhase;
			buildActionMask = 2147483647;
			files = (
				6EA597271FB1BB76003F0BBB /* SnowflakesMakerTests.swift in Sources */,
			);
			runOnlyForDeploymentPostprocessing = 0;
		};
/* End PBXSourcesBuildPhase section */

/* Begin PBXTargetDependency section */
		6EA5972A1FB1BB76003F0BBB /* PBXTargetDependency */ = {
			isa = PBXTargetDependency;
			target = 6E5614DD16940F3500970AC1 /* SnowflakesMaker */;
			targetProxy = 6EA597291FB1BB76003F0BBB /* PBXContainerItemProxy */;
		};
/* End PBXTargetDependency section */

/* Begin PBXVariantGroup section */
		6E5614EB16940F3500970AC1 /* InfoPlist.strings */ = {
			isa = PBXVariantGroup;
			children = (
				6E5614EC16940F3500970AC1 /* en */,
			);
			name = InfoPlist.strings;
			sourceTree = "<group>";
		};
		6E5614FD16940F3500970AC1 /* ViewController_iPhone.xib */ = {
			isa = PBXVariantGroup;
			children = (
				6E5614FE16940F3500970AC1 /* en */,
			);
			name = ViewController_iPhone.xib;
			sourceTree = "<group>";
		};
/* End PBXVariantGroup section */

/* Begin XCBuildConfiguration section */
		6E56150316940F3500970AC1 /* Debug */ = {
			isa = XCBuildConfiguration;
			buildSettings = {
				ALWAYS_SEARCH_USER_PATHS = NO;
				CLANG_CXX_LANGUAGE_STANDARD = "gnu++0x";
				CLANG_CXX_LIBRARY = "libc++";
				CLANG_ENABLE_OBJC_ARC = YES;
				CLANG_WARN_BLOCK_CAPTURE_AUTORELEASING = YES;
				CLANG_WARN_BOOL_CONVERSION = YES;
				CLANG_WARN_COMMA = YES;
				CLANG_WARN_CONSTANT_CONVERSION = YES;
				CLANG_WARN_EMPTY_BODY = YES;
				CLANG_WARN_ENUM_CONVERSION = YES;
				CLANG_WARN_INFINITE_RECURSION = YES;
				CLANG_WARN_INT_CONVERSION = YES;
				CLANG_WARN_NON_LITERAL_NULL_CONVERSION = YES;
				CLANG_WARN_OBJC_LITERAL_CONVERSION = YES;
				CLANG_WARN_RANGE_LOOP_ANALYSIS = YES;
				CLANG_WARN_STRICT_PROTOTYPES = YES;
				CLANG_WARN_SUSPICIOUS_MOVE = YES;
				CLANG_WARN_UNREACHABLE_CODE = YES;
				CLANG_WARN__DUPLICATE_METHOD_MATCH = YES;
				"CODE_SIGN_IDENTITY[sdk=iphoneos*]" = "iPhone Developer";
				COPY_PHASE_STRIP = NO;
				ENABLE_STRICT_OBJC_MSGSEND = YES;
				ENABLE_TESTABILITY = YES;
				GCC_C_LANGUAGE_STANDARD = gnu99;
				GCC_DYNAMIC_NO_PIC = NO;
				GCC_NO_COMMON_BLOCKS = YES;
				GCC_OPTIMIZATION_LEVEL = 0;
				GCC_PREPROCESSOR_DEFINITIONS = (
					"DEBUG=1",
					"$(inherited)",
				);
				GCC_SYMBOLS_PRIVATE_EXTERN = NO;
				GCC_WARN_64_TO_32_BIT_CONVERSION = YES;
				GCC_WARN_ABOUT_RETURN_TYPE = YES;
				GCC_WARN_UNDECLARED_SELECTOR = YES;
				GCC_WARN_UNINITIALIZED_AUTOS = YES;
				GCC_WARN_UNUSED_FUNCTION = YES;
				GCC_WARN_UNUSED_VARIABLE = YES;
				IPHONEOS_DEPLOYMENT_TARGET = 10.0;
				ONLY_ACTIVE_ARCH = YES;
				SDKROOT = iphoneos;
				TARGETED_DEVICE_FAMILY = "1,2";
			};
			name = Debug;
		};
		6E56150416940F3500970AC1 /* Release */ = {
			isa = XCBuildConfiguration;
			buildSettings = {
				ALWAYS_SEARCH_USER_PATHS = NO;
				CLANG_CXX_LANGUAGE_STANDARD = "gnu++0x";
				CLANG_CXX_LIBRARY = "libc++";
				CLANG_ENABLE_OBJC_ARC = YES;
				CLANG_WARN_BLOCK_CAPTURE_AUTORELEASING = YES;
				CLANG_WARN_BOOL_CONVERSION = YES;
				CLANG_WARN_COMMA = YES;
				CLANG_WARN_CONSTANT_CONVERSION = YES;
				CLANG_WARN_EMPTY_BODY = YES;
				CLANG_WARN_ENUM_CONVERSION = YES;
				CLANG_WARN_INFINITE_RECURSION = YES;
				CLANG_WARN_INT_CONVERSION = YES;
				CLANG_WARN_NON_LITERAL_NULL_CONVERSION = YES;
				CLANG_WARN_OBJC_LITERAL_CONVERSION = YES;
				CLANG_WARN_RANGE_LOOP_ANALYSIS = YES;
				CLANG_WARN_STRICT_PROTOTYPES = YES;
				CLANG_WARN_SUSPICIOUS_MOVE = YES;
				CLANG_WARN_UNREACHABLE_CODE = YES;
				CLANG_WARN__DUPLICATE_METHOD_MATCH = YES;
				"CODE_SIGN_IDENTITY[sdk=iphoneos*]" = "iPhone Developer";
				COPY_PHASE_STRIP = YES;
				ENABLE_STRICT_OBJC_MSGSEND = YES;
				GCC_C_LANGUAGE_STANDARD = gnu99;
				GCC_NO_COMMON_BLOCKS = YES;
				GCC_WARN_64_TO_32_BIT_CONVERSION = YES;
				GCC_WARN_ABOUT_RETURN_TYPE = YES;
				GCC_WARN_UNDECLARED_SELECTOR = YES;
				GCC_WARN_UNINITIALIZED_AUTOS = YES;
				GCC_WARN_UNUSED_FUNCTION = YES;
				GCC_WARN_UNUSED_VARIABLE = YES;
				IPHONEOS_DEPLOYMENT_TARGET = 10.0;
				OTHER_CFLAGS = "-DNS_BLOCK_ASSERTIONS=1";
				SDKROOT = iphoneos;
				TARGETED_DEVICE_FAMILY = "1,2";
				VALIDATE_PRODUCT = YES;
			};
			name = Release;
		};
		6E56150616940F3500970AC1 /* Debug */ = {
			isa = XCBuildConfiguration;
			buildSettings = {
				"CODE_SIGN_IDENTITY[sdk=iphoneos*]" = "iPhone Developer";
				DEVELOPMENT_TEAM = XHVKX3557K;
				GCC_PRECOMPILE_PREFIX_HEADER = YES;
				GCC_PREFIX_HEADER = "SnowflakesMaker/SnowflakesMaker-Prefix.pch";
				INFOPLIST_FILE = "SnowflakesMaker/SnowflakesMaker-Info.plist";
				IPHONEOS_DEPLOYMENT_TARGET = 10.2;
				PRODUCT_BUNDLE_IDENTIFIER = com.oradyvan.SnowflakesMaker;
				PRODUCT_NAME = "$(TARGET_NAME)";
				TARGETED_DEVICE_FAMILY = 1;
				WRAPPER_EXTENSION = app;
			};
			name = Debug;
		};
		6E56150716940F3500970AC1 /* Release */ = {
			isa = XCBuildConfiguration;
			buildSettings = {
				"CODE_SIGN_IDENTITY[sdk=iphoneos*]" = "iPhone Developer";
				DEVELOPMENT_TEAM = XHVKX3557K;
				GCC_PRECOMPILE_PREFIX_HEADER = YES;
				GCC_PREFIX_HEADER = "SnowflakesMaker/SnowflakesMaker-Prefix.pch";
				INFOPLIST_FILE = "SnowflakesMaker/SnowflakesMaker-Info.plist";
				IPHONEOS_DEPLOYMENT_TARGET = 10.2;
				PRODUCT_BUNDLE_IDENTIFIER = com.oradyvan.SnowflakesMaker;
				PRODUCT_NAME = "$(TARGET_NAME)";
				TARGETED_DEVICE_FAMILY = 1;
				WRAPPER_EXTENSION = app;
			};
			name = Release;
		};
		6EA5972B1FB1BB76003F0BBB /* Debug */ = {
			isa = XCBuildConfiguration;
			buildSettings = {
				BUNDLE_LOADER = "$(TEST_HOST)";
				CLANG_ANALYZER_NONNULL = YES;
				CLANG_ANALYZER_NUMBER_OBJECT_CONVERSION = YES_AGGRESSIVE;
				CLANG_CXX_LANGUAGE_STANDARD = "gnu++14";
				CLANG_ENABLE_MODULES = YES;
				CLANG_WARN_DIRECT_OBJC_ISA_USAGE = YES_ERROR;
				CLANG_WARN_DOCUMENTATION_COMMENTS = YES;
				CLANG_WARN_OBJC_ROOT_CLASS = YES_ERROR;
				CLANG_WARN_UNGUARDED_AVAILABILITY = YES_AGGRESSIVE;
				CODE_SIGN_IDENTITY = "iPhone Developer";
				CODE_SIGN_STYLE = Automatic;
				DEBUG_INFORMATION_FORMAT = dwarf;
				GCC_C_LANGUAGE_STANDARD = gnu11;
				GCC_WARN_ABOUT_RETURN_TYPE = YES_ERROR;
				GCC_WARN_UNINITIALIZED_AUTOS = YES_AGGRESSIVE;
				INFOPLIST_FILE = SnowflakesMakerTests/Info.plist;
				IPHONEOS_DEPLOYMENT_TARGET = 11.1;
				LD_RUNPATH_SEARCH_PATHS = "$(inherited) @executable_path/Frameworks @loader_path/Frameworks";
				MTL_ENABLE_DEBUG_INFO = YES;
				PRODUCT_BUNDLE_IDENTIFIER = nl.ngti.test.SnowflakesMakerTests;
				PRODUCT_NAME = "$(TARGET_NAME)";
				SWIFT_ACTIVE_COMPILATION_CONDITIONS = DEBUG;
				SWIFT_OPTIMIZATION_LEVEL = "-Onone";
				SWIFT_VERSION = 4.0;
				TARGETED_DEVICE_FAMILY = "1,2";
				TEST_HOST = "$(BUILT_PRODUCTS_DIR)/SnowflakesMaker.app/SnowflakesMaker";
			};
			name = Debug;
		};
		6EA5972C1FB1BB76003F0BBB /* Release */ = {
			isa = XCBuildConfiguration;
			buildSettings = {
				BUNDLE_LOADER = "$(TEST_HOST)";
				CLANG_ANALYZER_NONNULL = YES;
				CLANG_ANALYZER_NUMBER_OBJECT_CONVERSION = YES_AGGRESSIVE;
				CLANG_CXX_LANGUAGE_STANDARD = "gnu++14";
				CLANG_ENABLE_MODULES = YES;
				CLANG_WARN_DIRECT_OBJC_ISA_USAGE = YES_ERROR;
				CLANG_WARN_DOCUMENTATION_COMMENTS = YES;
				CLANG_WARN_OBJC_ROOT_CLASS = YES_ERROR;
				CLANG_WARN_UNGUARDED_AVAILABILITY = YES_AGGRESSIVE;
				CODE_SIGN_IDENTITY = "iPhone Developer";
				CODE_SIGN_STYLE = Automatic;
				COPY_PHASE_STRIP = NO;
				DEBUG_INFORMATION_FORMAT = "dwarf-with-dsym";
				ENABLE_NS_ASSERTIONS = NO;
				GCC_C_LANGUAGE_STANDARD = gnu11;
				GCC_WARN_ABOUT_RETURN_TYPE = YES_ERROR;
				GCC_WARN_UNINITIALIZED_AUTOS = YES_AGGRESSIVE;
				INFOPLIST_FILE = SnowflakesMakerTests/Info.plist;
				IPHONEOS_DEPLOYMENT_TARGET = 11.1;
				LD_RUNPATH_SEARCH_PATHS = "$(inherited) @executable_path/Frameworks @loader_path/Frameworks";
				MTL_ENABLE_DEBUG_INFO = NO;
				PRODUCT_BUNDLE_IDENTIFIER = nl.ngti.test.SnowflakesMakerTests;
				PRODUCT_NAME = "$(TARGET_NAME)";
				SWIFT_OPTIMIZATION_LEVEL = "-Owholemodule";
				SWIFT_VERSION = 4.0;
				TARGETED_DEVICE_FAMILY = "1,2";
				TEST_HOST = "$(BUILT_PRODUCTS_DIR)/SnowflakesMaker.app/SnowflakesMaker";
			};
			name = Release;
		};
/* End XCBuildConfiguration section */

/* Begin XCConfigurationList section */
		6E5614D816940F3500970AC1 /* Build configuration list for PBXProject "SnowflakesMaker" */ = {
			isa = XCConfigurationList;
			buildConfigurations = (
				6E56150316940F3500970AC1 /* Debug */,
				6E56150416940F3500970AC1 /* Release */,
			);
			defaultConfigurationIsVisible = 0;
			defaultConfigurationName = Release;
		};
		6E56150516940F3500970AC1 /* Build configuration list for PBXNativeTarget "SnowflakesMaker" */ = {
			isa = XCConfigurationList;
			buildConfigurations = (
				6E56150616940F3500970AC1 /* Debug */,
				6E56150716940F3500970AC1 /* Release */,
			);
			defaultConfigurationIsVisible = 0;
			defaultConfigurationName = Release;
		};
		6EA5972D1FB1BB76003F0BBB /* Build configuration list for PBXNativeTarget "SnowflakesMakerTests" */ = {
			isa = XCConfigurationList;
			buildConfigurations = (
				6EA5972B1FB1BB76003F0BBB /* Debug */,
				6EA5972C1FB1BB76003F0BBB /* Release */,
			);
			defaultConfigurationIsVisible = 0;
			defaultConfigurationName = Release;
		};
/* End XCConfigurationList section */
	};
	rootObject = 6E5614D516940F3500970AC1 /* Project object */;
}
